dependencies:
- name: postgresql
  repository: https://charts.bitnami.com/bitnami
  version: 12.10.0
- name: airflow
  repository: https://airflow.apache.org
  version: 1.7.0
- name: pgadmin4
  repository: https://helm.runix.net
  version: 1.17.1
digest: sha256:27cb0f54471612eb55fa3c75794a5cca2fe20e6fdddd12eb60667d4617024f96
generated: "2023-09-25T10:38:02.183883942Z"
